<?xml version="1.0" encoding="utf-8"?>
<Project ToolsVersion="4.0" xmlns="http://schemas.microsoft.com/developer/msbuild/2003">
  <ItemGroup>
    <Filter Include="Source Files">
      <UniqueIdentifier>{4FC737F1-C7A5-4376-A066-2A32D752A2FF}</UniqueIdentifier>
      <Extensions>cpp;c;cc;cxx;c++;cppm;ixx;def;odl;idl;hpj;bat;asm;asmx</Extensions>
    </Filter>
    <Filter Include="Header Files">
      <UniqueIdentifier>{93995380-89BD-4b04-88EB-625FBE52EBFB}</UniqueIdentifier>
      <Extensions>h;hh;hpp;hxx;h++;hm;inl;inc;ipp;xsd</Extensions>
    </Filter>
    <Filter Include="Resource Files">
      <UniqueIdentifier>{67DA6AB6-F800-4c08-8B7A-83BB121AAD01}</UniqueIdentifier>
      <Extensions>rc;ico;cur;bmp;dlg;rc2;rct;bin;rgs;gif;jpg;jpeg;jpe;resx;tiff;tif;png;wav;mfcribbon-ms</Extensions>
    </Filter>
    <Filter Include="Resource Files\textures">
      <UniqueIdentifier>{502aa127-f971-45b0-8c19-ccb910b68f40}</UniqueIdentifier>
    </Filter>
  </ItemGroup>
  <ItemGroup>
    <ClCompile Include="ZPG_projek.cpp">
      <Filter>Source Files</Filter>
    </ClCompile>
    <ClCompile Include="Shader.cpp">
      <Filter>Source Files</Filter>
    </ClCompile>
    <ClCompile Include="ShaderProgram.cpp">
      <Filter>Source Files</Filter>
    </ClCompile>
    <ClCompile Include="Model.cpp">
      <Filter>Source Files</Filter>
    </ClCompile>
    <ClCompile Include="Application.cpp">
      <Filter>Source Files</Filter>
    </ClCompile>
    <ClCompile Include="DrawableObject.cpp">
      <Filter>Source Files</Filter>
    </ClCompile>
    <ClCompile Include="Transformation.cpp">
      <Filter>Source Files</Filter>
    </ClCompile>
    <ClCompile Include="Rotate.cpp">
      <Filter>Source Files</Filter>
    </ClCompile>
    <ClCompile Include="Translate.cpp">
      <Filter>Source Files</Filter>
    </ClCompile>
    <ClCompile Include="Scale.cpp">
      <Filter>Source Files</Filter>
    </ClCompile>
    <ClCompile Include="CompleteTransformation.cpp">
      <Filter>Source Files</Filter>
    </ClCompile>
    <ClCompile Include="Camera.cpp">
      <Filter>Source Files</Filter>
    </ClCompile>
    <ClCompile Include="Scene.cpp">
      <Filter>Source Files</Filter>
    </ClCompile>
    <ClCompile Include="four_spheres_scene.cpp">
      <Filter>Source Files</Filter>
    </ClCompile>
    <ClCompile Include="PointLight.cpp">
      <Filter>Source Files</Filter>
    </ClCompile>
    <ClCompile Include="DirectionalLight.cpp">
      <Filter>Source Files</Filter>
    </ClCompile>
    <ClCompile Include="Subject.cpp">
      <Filter>Source Files</Filter>
    </ClCompile>
  </ItemGroup>
  <ItemGroup>
    <ClInclude Include="Shader.h">
      <Filter>Header Files</Filter>
    </ClInclude>
    <ClInclude Include="ShaderProgram.h">
      <Filter>Header Files</Filter>
    </ClInclude>
    <ClInclude Include="Model.h">
      <Filter>Header Files</Filter>
    </ClInclude>
    <ClInclude Include="Application.h">
      <Filter>Header Files</Filter>
    </ClInclude>
    <ClInclude Include="DrawableObject.h">
      <Filter>Header Files</Filter>
    </ClInclude>
    <ClInclude Include="Transformation.h">
      <Filter>Header Files</Filter>
    </ClInclude>
    <ClInclude Include="Rotate.h">
      <Filter>Header Files</Filter>
    </ClInclude>
    <ClInclude Include="Translate.h">
      <Filter>Header Files</Filter>
    </ClInclude>
    <ClInclude Include="Scale.h">
      <Filter>Header Files</Filter>
    </ClInclude>
    <ClInclude Include="CompleteTransformation.h">
      <Filter>Header Files</Filter>
    </ClInclude>
    <ClInclude Include="Camera.h">
      <Filter>Header Files</Filter>
    </ClInclude>
    <ClInclude Include="Pyramid_coords.h">
      <Filter>Header Files</Filter>
    </ClInclude>
    <ClInclude Include="Scene.h">
      <Filter>Header Files</Filter>
    </ClInclude>
    <ClInclude Include="four_spheres_scene.h">
      <Filter>Header Files</Filter>
    </ClInclude>
    <ClInclude Include="Scenes.h">
      <Filter>Header Files</Filter>
    </ClInclude>
    <ClInclude Include="base_rectangle.h">
      <Filter>Header Files</Filter>
    </ClInclude>
    <ClInclude Include="PointLight.h">
      <Filter>Header Files</Filter>
    </ClInclude>
    <ClInclude Include="DirectionalLight.h">
      <Filter>Header Files</Filter>
    </ClInclude>
    <ClInclude Include="plain.h">
      <Filter>Header Files</Filter>
    </ClInclude>
    <ClInclude Include="skycube.h">
      <Filter>Header Files</Filter>
    </ClInclude>
    <ClInclude Include="Observer.h">
      <Filter>Header Files</Filter>
    </ClInclude>
    <ClInclude Include="Subject.h">
      <Filter>Header Files</Filter>
    </ClInclude>
  </ItemGroup>
  <ItemGroup>
    <None Include="pyramid.vert">
      <Filter>Source Files</Filter>
    </None>
    <None Include="pyramid.frag">
      <Filter>Source Files</Filter>
    </None>
    <None Include="sphere.vert">
      <Filter>Source Files</Filter>
    </None>
    <None Include="sphere.frag">
      <Filter>Source Files</Filter>
    </None>
    <None Include="lighting_first_task.vert">
      <Filter>Source Files</Filter>
    </None>
    <None Include="lighting_first_task.frag">
      <Filter>Source Files</Filter>
    </None>
    <None Include="lighting_second_task_right.frag">
      <Filter>Source Files</Filter>
    </None>
    <None Include="lighting_second_task_right.vert">
      <Filter>Source Files</Filter>
    </None>
    <None Include="lighting_second_task_wrong.vert">
      <Filter>Source Files</Filter>
    </None>
    <None Include="lighting_second_task_wrong.frag">
      <Filter>Source Files</Filter>
    </None>
    <None Include="lighting_third_task_blue.vert">
      <Filter>Source Files</Filter>
    </None>
    <None Include="lighting_third_task_blue.frag">
      <Filter>Source Files</Filter>
    </None>
    <None Include="light_w_texture.frag">
      <Filter>Source Files</Filter>
    </None>
    <None Include="light_w_texture.vert">
      <Filter>Source Files</Filter>
    </None>
    <None Include="plain.vert">
      <Filter>Source Files</Filter>
    </None>
    <None Include="plain.frag">
      <Filter>Source Files</Filter>
    </None>
    <None Include="skycube.vert">
      <Filter>Source Files</Filter>
    </None>
    <None Include="skycube.frag">
      <Filter>Source Files</Filter>
    </None>
    <None Include="ClassDiagram.cd" />
    <None Include="ClassDiagram1.cd" />
  </ItemGroup>
  <ItemGroup>
    <Image Include="Textures\grass.png">
      <Filter>Resource Files\textures</Filter>
    </Image>
    <Image Include="Textures\ice_texture_png.png">
      <Filter>Resource Files\textures</Filter>
    </Image>
    <Image Include="Textures\lava_texture_png.png">
      <Filter>Resource Files\textures</Filter>
    </Image>
    <Image Include="Textures\negx.jpg">
      <Filter>Resource Files\textures</Filter>
    </Image>
    <Image Include="Textures\negy.jpg">
      <Filter>Resource Files\textures</Filter>
    </Image>
    <Image Include="Textures\negz.jpg">
      <Filter>Resource Files\textures</Filter>
    </Image>
    <Image Include="Textures\posx.jpg">
      <Filter>Resource Files\textures</Filter>
    </Image>
    <Image Include="Textures\posy.jpg">
      <Filter>Resource Files\textures</Filter>
    </Image>
    <Image Include="Textures\posz.jpg">
      <Filter>Resource Files\textures</Filter>
    </Image>
  </ItemGroup>
</Project>